
Microsoft Visual Studio Solution File, Format Version 12.00
# Visual Studio Version 16
VisualStudioVersion = 16.0.32510.428
MinimumVisualStudioVersion = 10.0.40219.1
Project("{FAE04EC0-301F-11D3-BF4B-00C04F79EFBC}") = "asp", "asp\asp.csproj", "{688B6C87-D985-4F53-98F1-5156E45746E4}"
EndProject
Global
	GlobalSection(SolutionConfigurationPlatforms) = preSolution
		Debug|Any CPU = Debug|Any CPU
		Release|Any CPU = Release|Any CPU
	EndGlobalSection
	GlobalSection(ProjectConfigurationPlatforms) = postSolution
		{688B6C87-D985-4F53-98F1-5156E45746E4}.Debug|Any CPU.ActiveCfg = Debug|Any CPU
		{688B6C87-D985-4F53-98F1-5156E45746E4}.Debug|Any CPU.Build.0 = Debug|Any CPU
		{688B6C87-D985-4F53-98F1-5156E45746E4}.Release|Any CPU.ActiveCfg = Release|Any CPU
		{688B6C87-D985-4F53-98F1-5156E45746E4}.Release|Any CPU.Build.0 = Release|Any CPU
	EndGlobalSection
	GlobalSection(SolutionProperties) = preSolution
		HideSolutionNode = FALSE
	EndGlobalSection
	GlobalSection(ExtensibilityGlobals) = postSolution
		SolutionGuid = {805D4403-1D23-414B-8E73-E34E9B4C9611}
	EndGlobalSection
EndGlobal
