
Microsoft Visual Studio Solution File, Format Version 12.00
# Visual Studio Version 16
VisualStudioVersion = 16.0.32413.511
MinimumVisualStudioVersion = 10.0.40219.1
Project("{FAE04EC0-301F-11D3-BF4B-00C04F79EFBC}") = "project", "project\project.csproj", "{73D48DF9-879A-4A83-BB5A-37EEF10E52A9}"
EndProject
Global
	GlobalSection(SolutionConfigurationPlatforms) = preSolution
		Debug|Any CPU = Debug|Any CPU
		Release|Any CPU = Release|Any CPU
	EndGlobalSection
	GlobalSection(ProjectConfigurationPlatforms) = postSolution
		{73D48DF9-879A-4A83-BB5A-37EEF10E52A9}.Debug|Any CPU.ActiveCfg = Debug|Any CPU
		{73D48DF9-879A-4A83-BB5A-37EEF10E52A9}.Debug|Any CPU.Build.0 = Debug|Any CPU
		{73D48DF9-879A-4A83-BB5A-37EEF10E52A9}.Release|Any CPU.ActiveCfg = Release|Any CPU
		{73D48DF9-879A-4A83-BB5A-37EEF10E52A9}.Release|Any CPU.Build.0 = Release|Any CPU
	EndGlobalSection
	GlobalSection(SolutionProperties) = preSolution
		HideSolutionNode = FALSE
	EndGlobalSection
	GlobalSection(ExtensibilityGlobals) = postSolution
		SolutionGuid = {C9BE61F4-F57B-4025-82F5-590359160072}
	EndGlobalSection
EndGlobal
